// !$*UTF8*$!
{
	archiveVersion = 1;
	classes = {
	};
	objectVersion = 46;
	objects = {

/* Begin PBXBuildFile section */
		7FB28DA5197C87880021523F /* Foundation.framework in Frameworks */ = {isa = PBXBuildFile; fileRef = 7FB28DA4197C87880021523F /* Foundation.framework */; };
		7FB28DA7197C87880021523F /* CoreGraphics.framework in Frameworks */ = {isa = PBXBuildFile; fileRef = 7FB28DA6197C87880021523F /* CoreGraphics.framework */; };
		7FB28DA9197C87880021523F /* UIKit.framework in Frameworks */ = {isa = PBXBuildFile; fileRef = 7FB28DA8197C87880021523F /* UIKit.framework */; };
		7FB28DAB197C87880021523F /* CoreData.framework in Frameworks */ = {isa = PBXBuildFile; fileRef = 7FB28DAA197C87880021523F /* CoreData.framework */; };
		7FB28DB1197C87880021523F /* InfoPlist.strings in Resources */ = {isa = PBXBuildFile; fileRef = 7FB28DAF197C87880021523F /* InfoPlist.strings */; };
		7FB28DB3197C87880021523F /* main.m in Sources */ = {isa = PBXBuildFile; fileRef = 7FB28DB2197C87880021523F /* main.m */; };
		7FB28DB7197C87880021523F /* AppDelegate.m in Sources */ = {isa = PBXBuildFile; fileRef = 7FB28DB6197C87880021523F /* AppDelegate.m */; };
		7FB28DBA197C87880021523F /* Main.storyboard in Resources */ = {isa = PBXBuildFile; fileRef = 7FB28DB8197C87880021523F /* Main.storyboard */; };
		7FB28DBD197C87880021523F /* LocationBlog.xcdatamodeld in Sources */ = {isa = PBXBuildFile; fileRef = 7FB28DBB197C87880021523F /* LocationBlog.xcdatamodeld */; };
		7FB28DC0197C87880021523F /* MasterViewController.m in Sources */ = {isa = PBXBuildFile; fileRef = 7FB28DBF197C87880021523F /* MasterViewController.m */; };
		7FB28DC3197C87880021523F /* DetailViewController.m in Sources */ = {isa = PBXBuildFile; fileRef = 7FB28DC2197C87880021523F /* DetailViewController.m */; };
		7FB28DC5197C87880021523F /* Images.xcassets in Resources */ = {isa = PBXBuildFile; fileRef = 7FB28DC4197C87880021523F /* Images.xcassets */; };
		7FB28DCC197C87880021523F /* XCTest.framework in Frameworks */ = {isa = PBXBuildFile; fileRef = 7FB28DCB197C87880021523F /* XCTest.framework */; };
		7FB28DCD197C87880021523F /* Foundation.framework in Frameworks */ = {isa = PBXBuildFile; fileRef = 7FB28DA4197C87880021523F /* Foundation.framework */; };
		7FB28DCE197C87890021523F /* UIKit.framework in Frameworks */ = {isa = PBXBuildFile; fileRef = 7FB28DA8197C87880021523F /* UIKit.framework */; };
		7FB28DCF197C87890021523F /* CoreData.framework in Frameworks */ = {isa = PBXBuildFile; fileRef = 7FB28DAA197C87880021523F /* CoreData.framework */; };
		7FB28DD7197C87890021523F /* InfoPlist.strings in Resources */ = {isa = PBXBuildFile; fileRef = 7FB28DD5197C87890021523F /* InfoPlist.strings */; };
		7FB28DD9197C87890021523F /* LocationBlogTests.m in Sources */ = {isa = PBXBuildFile; fileRef = 7FB28DD8197C87890021523F /* LocationBlogTests.m */; };
		7FB28DE6197C8A480021523F /* CoreLocation.framework in Frameworks */ = {isa = PBXBuildFile; fileRef = 7FB28DE5197C8A480021523F /* CoreLocation.framework */; };
		7FB28DE8197C8ABF0021523F /* MapKit.framework in Frameworks */ = {isa = PBXBuildFile; fileRef = 7FB28DE7197C8ABF0021523F /* MapKit.framework */; };
		7FB28DEB197C8AF90021523F /* BlogData+MKAnnotation.m in Sources */ = {isa = PBXBuildFile; fileRef = 7FB28DEA197C8AF90021523F /* BlogData+MKAnnotation.m */; };
		7FB28DEE197C9EDA0021523F /* BlogData.m in Sources */ = {isa = PBXBuildFile; fileRef = 7FB28DED197C9EDA0021523F /* BlogData.m */; };
		7FB28DF1197CA0720021523F /* LBTableViewCell.m in Sources */ = {isa = PBXBuildFile; fileRef = 7FB28DF0197CA0720021523F /* LBTableViewCell.m */; };
		7FB28DF3197CA1C90021523F /* Social.framework in Frameworks */ = {isa = PBXBuildFile; fileRef = 7FB28DF2197CA1C90021523F /* Social.framework */; };
		7FB28DF6197CBC1A0021523F /* TwitterRequester.m in Sources */ = {isa = PBXBuildFile; fileRef = 7FB28DF5197CBC1A0021523F /* TwitterRequester.m */; };
		7FB28DF8197CBD0F0021523F /* Accounts.framework in Frameworks */ = {isa = PBXBuildFile; fileRef = 7FB28DF7197CBD0F0021523F /* Accounts.framework */; };
/* End PBXBuildFile section */

/* Begin PBXContainerItemProxy section */
		7FB28DD0197C87890021523F /* PBXContainerItemProxy */ = {
			isa = PBXContainerItemProxy;
			containerPortal = 7FB28D99197C87880021523F /* Project object */;
			proxyType = 1;
			remoteGlobalIDString = 7FB28DA0197C87880021523F;
			remoteInfo = LocationBlog;
		};
/* End PBXContainerItemProxy section */

/* Begin PBXFileReference section */
		7FB28DA1197C87880021523F /* LocationBlog.app */ = {isa = PBXFileReference; explicitFileType = wrapper.application; includeInIndex = 0; path = LocationBlog.app; sourceTree = BUILT_PRODUCTS_DIR; };
		7FB28DA4197C87880021523F /* Foundation.framework */ = {isa = PBXFileReference; lastKnownFileType = wrapper.framework; name = Foundation.framework; path = System/Library/Frameworks/Foundation.framework; sourceTree = SDKROOT; };
		7FB28DA6197C87880021523F /* CoreGraphics.framework */ = {isa = PBXFileReference; lastKnownFileType = wrapper.framework; name = CoreGraphics.framework; path = System/Library/Frameworks/CoreGraphics.framework; sourceTree = SDKROOT; };
		7FB28DA8197C87880021523F /* UIKit.framework */ = {isa = PBXFileReference; lastKnownFileType = wrapper.framework; name = UIKit.framework; path = System/Library/Frameworks/UIKit.framework; sourceTree = SDKROOT; };
		7FB28DAA197C87880021523F /* CoreData.framework */ = {isa = PBXFileReference; lastKnownFileType = wrapper.framework; name = CoreData.framework; path = System/Library/Frameworks/CoreData.framework; sourceTree = SDKROOT; };
		7FB28DAE197C87880021523F /* LocationBlog-Info.plist */ = {isa = PBXFileReference; lastKnownFileType = text.plist.xml; path = "LocationBlog-Info.plist"; sourceTree = "<group>"; };
		7FB28DB0197C87880021523F /* en */ = {isa = PBXFileReference; lastKnownFileType = text.plist.strings; name = en; path = en.lproj/InfoPlist.strings; sourceTree = "<group>"; };
		7FB28DB2197C87880021523F /* main.m */ = {isa = PBXFileReference; lastKnownFileType = sourcecode.c.objc; path = main.m; sourceTree = "<group>"; };
		7FB28DB4197C87880021523F /* LocationBlog-Prefix.pch */ = {isa = PBXFileReference; lastKnownFileType = sourcecode.c.h; path = "LocationBlog-Prefix.pch"; sourceTree = "<group>"; };
		7FB28DB5197C87880021523F /* AppDelegate.h */ = {isa = PBXFileReference; lastKnownFileType = sourcecode.c.h; path = AppDelegate.h; sourceTree = "<group>"; };
		7FB28DB6197C87880021523F /* AppDelegate.m */ = {isa = PBXFileReference; lastKnownFileType = sourcecode.c.objc; path = AppDelegate.m; sourceTree = "<group>"; };
		7FB28DB9197C87880021523F /* Base */ = {isa = PBXFileReference; lastKnownFileType = file.storyboard; name = Base; path = Base.lproj/Main.storyboard; sourceTree = "<group>"; };
		7FB28DBC197C87880021523F /* LocationBlog.xcdatamodel */ = {isa = PBXFileReference; lastKnownFileType = wrapper.xcdatamodel; path = LocationBlog.xcdatamodel; sourceTree = "<group>"; };
		7FB28DBE197C87880021523F /* MasterViewController.h */ = {isa = PBXFileReference; lastKnownFileType = sourcecode.c.h; path = MasterViewController.h; sourceTree = "<group>"; };
		7FB28DBF197C87880021523F /* MasterViewController.m */ = {isa = PBXFileReference; lastKnownFileType = sourcecode.c.objc; path = MasterViewController.m; sourceTree = "<group>"; };
		7FB28DC1197C87880021523F /* DetailViewController.h */ = {isa = PBXFileReference; lastKnownFileType = sourcecode.c.h; path = DetailViewController.h; sourceTree = "<group>"; };
		7FB28DC2197C87880021523F /* DetailViewController.m */ = {isa = PBXFileReference; lastKnownFileType = sourcecode.c.objc; path = DetailViewController.m; sourceTree = "<group>"; };
		7FB28DC4197C87880021523F /* Images.xcassets */ = {isa = PBXFileReference; lastKnownFileType = folder.assetcatalog; path = Images.xcassets; sourceTree = "<group>"; };
		7FB28DCA197C87880021523F /* LocationBlogTests.xctest */ = {isa = PBXFileReference; explicitFileType = wrapper.cfbundle; includeInIndex = 0; path = LocationBlogTests.xctest; sourceTree = BUILT_PRODUCTS_DIR; };
		7FB28DCB197C87880021523F /* XCTest.framework */ = {isa = PBXFileReference; lastKnownFileType = wrapper.framework; name = XCTest.framework; path = Library/Frameworks/XCTest.framework; sourceTree = DEVELOPER_DIR; };
		7FB28DD4197C87890021523F /* LocationBlogTests-Info.plist */ = {isa = PBXFileReference; lastKnownFileType = text.plist.xml; path = "LocationBlogTests-Info.plist"; sourceTree = "<group>"; };
		7FB28DD6197C87890021523F /* en */ = {isa = PBXFileReference; lastKnownFileType = text.plist.strings; name = en; path = en.lproj/InfoPlist.strings; sourceTree = "<group>"; };
		7FB28DD8197C87890021523F /* LocationBlogTests.m */ = {isa = PBXFileReference; lastKnownFileType = sourcecode.c.objc; path = LocationBlogTests.m; sourceTree = "<group>"; };
		7FB28DE5197C8A480021523F /* CoreLocation.framework */ = {isa = PBXFileReference; lastKnownFileType = wrapper.framework; name = CoreLocation.framework; path = System/Library/Frameworks/CoreLocation.framework; sourceTree = SDKROOT; };
		7FB28DE7197C8ABF0021523F /* MapKit.framework */ = {isa = PBXFileReference; lastKnownFileType = wrapper.framework; name = MapKit.framework; path = System/Library/Frameworks/MapKit.framework; sourceTree = SDKROOT; };
		7FB28DE9197C8AF90021523F /* BlogData+MKAnnotation.h */ = {isa = PBXFileReference; fileEncoding = 4; lastKnownFileType = sourcecode.c.h; path = "BlogData+MKAnnotation.h"; sourceTree = "<group>"; };
		7FB28DEA197C8AF90021523F /* BlogData+MKAnnotation.m */ = {isa = PBXFileReference; fileEncoding = 4; lastKnownFileType = sourcecode.c.objc; path = "BlogData+MKAnnotation.m"; sourceTree = "<group>"; };
		7FB28DEC197C9EDA0021523F /* BlogData.h */ = {isa = PBXFileReference; fileEncoding = 4; lastKnownFileType = sourcecode.c.h; path = BlogData.h; sourceTree = "<group>"; };
		7FB28DED197C9EDA0021523F /* BlogData.m */ = {isa = PBXFileReference; fileEncoding = 4; lastKnownFileType = sourcecode.c.objc; path = BlogData.m; sourceTree = "<group>"; };
		7FB28DEF197CA0720021523F /* LBTableViewCell.h */ = {isa = PBXFileReference; fileEncoding = 4; lastKnownFileType = sourcecode.c.h; path = LBTableViewCell.h; sourceTree = "<group>"; };
		7FB28DF0197CA0720021523F /* LBTableViewCell.m */ = {isa = PBXFileReference; fileEncoding = 4; lastKnownFileType = sourcecode.c.objc; path = LBTableViewCell.m; sourceTree = "<group>"; };
		7FB28DF2197CA1C90021523F /* Social.framework */ = {isa = PBXFileReference; lastKnownFileType = wrapper.framework; name = Social.framework; path = System/Library/Frameworks/Social.framework; sourceTree = SDKROOT; };
		7FB28DF4197CBC1A0021523F /* TwitterRequester.h */ = {isa = PBXFileReference; fileEncoding = 4; lastKnownFileType = sourcecode.c.h; path = TwitterRequester.h; sourceTree = "<group>"; };
		7FB28DF5197CBC1A0021523F /* TwitterRequester.m */ = {isa = PBXFileReference; fileEncoding = 4; lastKnownFileType = sourcecode.c.objc; path = TwitterRequester.m; sourceTree = "<group>"; };
		7FB28DF7197CBD0F0021523F /* Accounts.framework */ = {isa = PBXFileReference; lastKnownFileType = wrapper.framework; name = Accounts.framework; path = System/Library/Frameworks/Accounts.framework; sourceTree = SDKROOT; };
		7FB28DF9197CD7170021523F /* Twitter.framework */ = {isa = PBXFileReference; lastKnownFileType = wrapper.framework; name = Twitter.framework; path = System/Library/Frameworks/Twitter.framework; sourceTree = SDKROOT; };
/* End PBXFileReference section */

/* Begin PBXFrameworksBuildPhase section */
		7FB28D9E197C87880021523F /* Frameworks */ = {
			isa = PBXFrameworksBuildPhase;
			buildActionMask = 2147483647;
			files = (
				7FB28DF8197CBD0F0021523F /* Accounts.framework in Frameworks */,
				7FB28DF3197CA1C90021523F /* Social.framework in Frameworks */,
				7FB28DE8197C8ABF0021523F /* MapKit.framework in Frameworks */,
				7FB28DE6197C8A480021523F /* CoreLocation.framework in Frameworks */,
				7FB28DA7197C87880021523F /* CoreGraphics.framework in Frameworks */,
				7FB28DAB197C87880021523F /* CoreData.framework in Frameworks */,
				7FB28DA9197C87880021523F /* UIKit.framework in Frameworks */,
				7FB28DA5197C87880021523F /* Foundation.framework in Frameworks */,
			);
			runOnlyForDeploymentPostprocessing = 0;
		};
		7FB28DC7197C87880021523F /* Frameworks */ = {
			isa = PBXFrameworksBuildPhase;
			buildActionMask = 2147483647;
			files = (
				7FB28DCC197C87880021523F /* XCTest.framework in Frameworks */,
				7FB28DCF197C87890021523F /* CoreData.framework in Frameworks */,
				7FB28DCE197C87890021523F /* UIKit.framework in Frameworks */,
				7FB28DCD197C87880021523F /* Foundation.framework in Frameworks */,
			);
			runOnlyForDeploymentPostprocessing = 0;
		};
/* End PBXFrameworksBuildPhase section */

/* Begin PBXGroup section */
		7FB28D98197C87880021523F = {
			isa = PBXGroup;
			children = (
				7FB28DAC197C87880021523F /* LocationBlog */,
				7FB28DD2197C87890021523F /* LocationBlogTests */,
				7FB28DA3197C87880021523F /* Frameworks */,
				7FB28DA2197C87880021523F /* Products */,
			);
			sourceTree = "<group>";
		};
		7FB28DA2197C87880021523F /* Products */ = {
			isa = PBXGroup;
			children = (
				7FB28DA1197C87880021523F /* LocationBlog.app */,
				7FB28DCA197C87880021523F /* LocationBlogTests.xctest */,
			);
			name = Products;
			sourceTree = "<group>";
		};
		7FB28DA3197C87880021523F /* Frameworks */ = {
			isa = PBXGroup;
			children = (
				7FB28DF9197CD7170021523F /* Twitter.framework */,
				7FB28DF7197CBD0F0021523F /* Accounts.framework */,
				7FB28DF2197CA1C90021523F /* Social.framework */,
				7FB28DE7197C8ABF0021523F /* MapKit.framework */,
				7FB28DE5197C8A480021523F /* CoreLocation.framework */,
				7FB28DA4197C87880021523F /* Foundation.framework */,
				7FB28DA6197C87880021523F /* CoreGraphics.framework */,
				7FB28DA8197C87880021523F /* UIKit.framework */,
				7FB28DAA197C87880021523F /* CoreData.framework */,
				7FB28DCB197C87880021523F /* XCTest.framework */,
			);
			name = Frameworks;
			sourceTree = "<group>";
		};
		7FB28DAC197C87880021523F /* LocationBlog */ = {
			isa = PBXGroup;
			children = (
				7FB28DB5197C87880021523F /* AppDelegate.h */,
				7FB28DB6197C87880021523F /* AppDelegate.m */,
				7FB28DB8197C87880021523F /* Main.storyboard */,
				7FB28DBE197C87880021523F /* MasterViewController.h */,
				7FB28DBF197C87880021523F /* MasterViewController.m */,
				7FB28DF4197CBC1A0021523F /* TwitterRequester.h */,
				7FB28DF5197CBC1A0021523F /* TwitterRequester.m */,
				7FB28DC1197C87880021523F /* DetailViewController.h */,
				7FB28DC2197C87880021523F /* DetailViewController.m */,
				7FB28DC4197C87880021523F /* Images.xcassets */,
				7FB28DEF197CA0720021523F /* LBTableViewCell.h */,
				7FB28DF0197CA0720021523F /* LBTableViewCell.m */,
				7FB28DEC197C9EDA0021523F /* BlogData.h */,
				7FB28DED197C9EDA0021523F /* BlogData.m */,
				7FB28DBB197C87880021523F /* LocationBlog.xcdatamodeld */,
				7FB28DE9197C8AF90021523F /* BlogData+MKAnnotation.h */,
				7FB28DEA197C8AF90021523F /* BlogData+MKAnnotation.m */,
				7FB28DAD197C87880021523F /* Supporting Files */,
			);
			path = LocationBlog;
			sourceTree = "<group>";
		};
		7FB28DAD197C87880021523F /* Supporting Files */ = {
			isa = PBXGroup;
			children = (
				7FB28DAE197C87880021523F /* LocationBlog-Info.plist */,
				7FB28DAF197C87880021523F /* InfoPlist.strings */,
				7FB28DB2197C87880021523F /* main.m */,
				7FB28DB4197C87880021523F /* LocationBlog-Prefix.pch */,
			);
			name = "Supporting Files";
			sourceTree = "<group>";
		};
		7FB28DD2197C87890021523F /* LocationBlogTests */ = {
			isa = PBXGroup;
			children = (
				7FB28DD8197C87890021523F /* LocationBlogTests.m */,
				7FB28DD3197C87890021523F /* Supporting Files */,
			);
			path = LocationBlogTests;
			sourceTree = "<group>";
		};
		7FB28DD3197C87890021523F /* Supporting Files */ = {
			isa = PBXGroup;
			children = (
				7FB28DD4197C87890021523F /* LocationBlogTests-Info.plist */,
				7FB28DD5197C87890021523F /* InfoPlist.strings */,
			);
			name = "Supporting Files";
			sourceTree = "<group>";
		};
/* End PBXGroup section */

/* Begin PBXNativeTarget section */
		7FB28DA0197C87880021523F /* LocationBlog */ = {
			isa = PBXNativeTarget;
			buildConfigurationList = 7FB28DDC197C87890021523F /* Build configuration list for PBXNativeTarget "LocationBlog" */;
			buildPhases = (
				7FB28D9D197C87880021523F /* Sources */,
				7FB28D9E197C87880021523F /* Frameworks */,
				7FB28D9F197C87880021523F /* Resources */,
			);
			buildRules = (
			);
			dependencies = (
			);
			name = LocationBlog;
			productName = LocationBlog;
			productReference = 7FB28DA1197C87880021523F /* LocationBlog.app */;
			productType = "com.apple.product-type.application";
		};
		7FB28DC9197C87880021523F /* LocationBlogTests */ = {
			isa = PBXNativeTarget;
			buildConfigurationList = 7FB28DDF197C87890021523F /* Build configuration list for PBXNativeTarget "LocationBlogTests" */;
			buildPhases = (
				7FB28DC6197C87880021523F /* Sources */,
				7FB28DC7197C87880021523F /* Frameworks */,
				7FB28DC8197C87880021523F /* Resources */,
			);
			buildRules = (
			);
			dependencies = (
				7FB28DD1197C87890021523F /* PBXTargetDependency */,
			);
			name = LocationBlogTests;
			productName = LocationBlogTests;
			productReference = 7FB28DCA197C87880021523F /* LocationBlogTests.xctest */;
			productType = "com.apple.product-type.bundle.unit-test";
		};
/* End PBXNativeTarget section */

/* Begin PBXProject section */
		7FB28D99197C87880021523F /* Project object */ = {
			isa = PBXProject;
			attributes = {
				LastUpgradeCheck = 0510;
				ORGANIZATIONNAME = dnthome;
				TargetAttributes = {
					7FB28DC9197C87880021523F = {
						TestTargetID = 7FB28DA0197C87880021523F;
					};
				};
			};
			buildConfigurationList = 7FB28D9C197C87880021523F /* Build configuration list for PBXProject "LocationBlog" */;
			compatibilityVersion = "Xcode 3.2";
			developmentRegion = English;
			hasScannedForEncodings = 0;
			knownRegions = (
				en,
				Base,
			);
			mainGroup = 7FB28D98197C87880021523F;
			productRefGroup = 7FB28DA2197C87880021523F /* Products */;
			projectDirPath = "";
			projectRoot = "";
			targets = (
				7FB28DA0197C87880021523F /* LocationBlog */,
				7FB28DC9197C87880021523F /* LocationBlogTests */,
			);
		};
/* End PBXProject section */

/* Begin PBXResourcesBuildPhase section */
		7FB28D9F197C87880021523F /* Resources */ = {
			isa = PBXResourcesBuildPhase;
			buildActionMask = 2147483647;
			files = (
				7FB28DC5197C87880021523F /* Images.xcassets in Resources */,
				7FB28DB1197C87880021523F /* InfoPlist.strings in Resources */,
				7FB28DBA197C87880021523F /* Main.storyboard in Resources */,
			);
			runOnlyForDeploymentPostprocessing = 0;
		};
		7FB28DC8197C87880021523F /* Resources */ = {
			isa = PBXResourcesBuildPhase;
			buildActionMask = 2147483647;
			files = (
				7FB28DD7197C87890021523F /* InfoPlist.strings in Resources */,
			);
			runOnlyForDeploymentPostprocessing = 0;
		};
/* End PBXResourcesBuildPhase section */

/* Begin PBXSourcesBuildPhase section */
		7FB28D9D197C87880021523F /* Sources */ = {
			isa = PBXSourcesBuildPhase;
			buildActionMask = 2147483647;
			files = (
				7FB28DC3197C87880021523F /* DetailViewController.m in Sources */,
				7FB28DF6197CBC1A0021523F /* TwitterRequester.m in Sources */,
				7FB28DC0197C87880021523F /* MasterViewController.m in Sources */,
				7FB28DB7197C87880021523F /* AppDelegate.m in Sources */,
				7FB28DEB197C8AF90021523F /* BlogData+MKAnnotation.m in Sources */,
				7FB28DEE197C9EDA0021523F /* BlogData.m in Sources */,
				7FB28DF1197CA0720021523F /* LBTableViewCell.m in Sources */,
				7FB28DB3197C87880021523F /* main.m in Sources */,
				7FB28DBD197C87880021523F /* LocationBlog.xcdatamodeld in Sources */,
			);
			runOnlyForDeploymentPostprocessing = 0;
		};
		7FB28DC6197C87880021523F /* Sources */ = {
			isa = PBXSourcesBuildPhase;
			buildActionMask = 2147483647;
			files = (
				7FB28DD9197C87890021523F /* LocationBlogTests.m in Sources */,
			);
			runOnlyForDeploymentPostprocessing = 0;
		};
/* End PBXSourcesBuildPhase section */

/* Begin PBXTargetDependency section */
		7FB28DD1197C87890021523F /* PBXTargetDependency */ = {
			isa = PBXTargetDependency;
			target = 7FB28DA0197C87880021523F /* LocationBlog */;
			targetProxy = 7FB28DD0197C87890021523F /* PBXContainerItemProxy */;
		};
/* End PBXTargetDependency section */

/* Begin PBXVariantGroup section */
		7FB28DAF197C87880021523F /* InfoPlist.strings */ = {
			isa = PBXVariantGroup;
			children = (
				7FB28DB0197C87880021523F /* en */,
			);
			name = InfoPlist.strings;
			sourceTree = "<group>";
		};
		7FB28DB8197C87880021523F /* Main.storyboard */ = {
			isa = PBXVariantGroup;
			children = (
				7FB28DB9197C87880021523F /* Base */,
			);
			name = Main.storyboard;
			sourceTree = "<group>";
		};
		7FB28DD5197C87890021523F /* InfoPlist.strings */ = {
			isa = PBXVariantGroup;
			children = (
				7FB28DD6197C87890021523F /* en */,
			);
			name = InfoPlist.strings;
			sourceTree = "<group>";
		};
/* End PBXVariantGroup section */

/* Begin XCBuildConfiguration section */
		7FB28DDA197C87890021523F /* Debug */ = {
			isa = XCBuildConfiguration;
			buildSettings = {
				ALWAYS_SEARCH_USER_PATHS = NO;
				CLANG_CXX_LANGUAGE_STANDARD = "gnu++0x";
				CLANG_CXX_LIBRARY = "libc++";
				CLANG_ENABLE_MODULES = YES;
				CLANG_ENABLE_OBJC_ARC = YES;
				CLANG_WARN_BOOL_CONVERSION = YES;
				CLANG_WARN_CONSTANT_CONVERSION = YES;
				CLANG_WARN_DIRECT_OBJC_ISA_USAGE = YES_ERROR;
				CLANG_WARN_EMPTY_BODY = YES;
				CLANG_WARN_ENUM_CONVERSION = YES;
				CLANG_WARN_INT_CONVERSION = YES;
				CLANG_WARN_OBJC_ROOT_CLASS = YES_ERROR;
				CLANG_WARN__DUPLICATE_METHOD_MATCH = YES;
				"CODE_SIGN_IDENTITY[sdk=iphoneos*]" = "iPhone Developer";
				COPY_PHASE_STRIP = NO;
				GCC_C_LANGUAGE_STANDARD = gnu99;
				GCC_DYNAMIC_NO_PIC = NO;
				GCC_OPTIMIZATION_LEVEL = 0;
				GCC_PREPROCESSOR_DEFINITIONS = (
					"DEBUG=1",
					"$(inherited)",
				);
				GCC_SYMBOLS_PRIVATE_EXTERN = NO;
				GCC_WARN_64_TO_32_BIT_CONVERSION = YES;
				GCC_WARN_ABOUT_RETURN_TYPE = YES_ERROR;
				GCC_WARN_UNDECLARED_SELECTOR = YES;
				GCC_WARN_UNINITIALIZED_AUTOS = YES_AGGRESSIVE;
				GCC_WARN_UNUSED_FUNCTION = YES;
				GCC_WARN_UNUSED_VARIABLE = YES;
				IPHONEOS_DEPLOYMENT_TARGET = 7.1;
				ONLY_ACTIVE_ARCH = YES;
				SDKROOT = iphoneos;
			};
			name = Debug;
		};
		7FB28DDB197C87890021523F /* Release */ = {
			isa = XCBuildConfiguration;
			buildSettings = {
				ALWAYS_SEARCH_USER_PATHS = NO;
				CLANG_CXX_LANGUAGE_STANDARD = "gnu++0x";
				CLANG_CXX_LIBRARY = "libc++";
				CLANG_ENABLE_MODULES = YES;
				CLANG_ENABLE_OBJC_ARC = YES;
				CLANG_WARN_BOOL_CONVERSION = YES;
				CLANG_WARN_CONSTANT_CONVERSION = YES;
				CLANG_WARN_DIRECT_OBJC_ISA_USAGE = YES_ERROR;
				CLANG_WARN_EMPTY_BODY = YES;
				CLANG_WARN_ENUM_CONVERSION = YES;
				CLANG_WARN_INT_CONVERSION = YES;
				CLANG_WARN_OBJC_ROOT_CLASS = YES_ERROR;
				CLANG_WARN__DUPLICATE_METHOD_MATCH = YES;
				"CODE_SIGN_IDENTITY[sdk=iphoneos*]" = "iPhone Developer";
				COPY_PHASE_STRIP = YES;
				ENABLE_NS_ASSERTIONS = NO;
				GCC_C_LANGUAGE_STANDARD = gnu99;
				GCC_WARN_64_TO_32_BIT_CONVERSION = YES;
				GCC_WARN_ABOUT_RETURN_TYPE = YES_ERROR;
				GCC_WARN_UNDECLARED_SELECTOR = YES;
				GCC_WARN_UNINITIALIZED_AUTOS = YES_AGGRESSIVE;
				GCC_WARN_UNUSED_FUNCTION = YES;
				GCC_WARN_UNUSED_VARIABLE = YES;
				IPHONEOS_DEPLOYMENT_TARGET = 7.1;
				SDKROOT = iphoneos;
				VALIDATE_PRODUCT = YES;
			};
			name = Release;
		};
		7FB28DDD197C87890021523F /* Debug */ = {
			isa = XCBuildConfiguration;
			buildSettings = {
				ASSETCATALOG_COMPILER_APPICON_NAME = AppIcon;
				ASSETCATALOG_COMPILER_LAUNCHIMAGE_NAME = LaunchImage;
				GCC_PRECOMPILE_PREFIX_HEADER = YES;
				GCC_PREFIX_HEADER = "LocationBlog/LocationBlog-Prefix.pch";
				INFOPLIST_FILE = "LocationBlog/LocationBlog-Info.plist";
				PRODUCT_NAME = "$(TARGET_NAME)";
				WRAPPER_EXTENSION = app;
			};
			name = Debug;
		};
		7FB28DDE197C87890021523F /* Release */ = {
			isa = XCBuildConfiguration;
			buildSettings = {
				ASSETCATALOG_COMPILER_APPICON_NAME = AppIcon;
				ASSETCATALOG_COMPILER_LAUNCHIMAGE_NAME = LaunchImage;
				GCC_PRECOMPILE_PREFIX_HEADER = YES;
				GCC_PREFIX_HEADER = "LocationBlog/LocationBlog-Prefix.pch";
				INFOPLIST_FILE = "LocationBlog/LocationBlog-Info.plist";
				PRODUCT_NAME = "$(TARGET_NAME)";
				WRAPPER_EXTENSION = app;
			};
			name = Release;
		};
		7FB28DE0197C87890021523F /* Debug */ = {
			isa = XCBuildConfiguration;
			buildSettings = {
				BUNDLE_LOADER = "$(BUILT_PRODUCTS_DIR)/LocationBlog.app/LocationBlog";
				FRAMEWORK_SEARCH_PATHS = (
					"$(SDKROOT)/Developer/Library/Frameworks",
					"$(inherited)",
					"$(DEVELOPER_FRAMEWORKS_DIR)",
				);
				GCC_PRECOMPILE_PREFIX_HEADER = YES;
				GCC_PREFIX_HEADER = "LocationBlog/LocationBlog-Prefix.pch";
				GCC_PREPROCESSOR_DEFINITIONS = (
					"DEBUG=1",
					"$(inherited)",
				);
				INFOPLIST_FILE = "LocationBlogTests/LocationBlogTests-Info.plist";
				PRODUCT_NAME = "$(TARGET_NAME)";
				TEST_HOST = "$(BUNDLE_LOADER)";
				WRAPPER_EXTENSION = xctest;
			};
			name = Debug;
		};
		7FB28DE1197C87890021523F /* Release */ = {
			isa = XCBuildConfiguration;
			buildSettings = {
				BUNDLE_LOADER = "$(BUILT_PRODUCTS_DIR)/LocationBlog.app/LocationBlog";
				FRAMEWORK_SEARCH_PATHS = (
					"$(SDKROOT)/Developer/Library/Frameworks",
					"$(inherited)",
					"$(DEVELOPER_FRAMEWORKS_DIR)",
				);
				GCC_PRECOMPILE_PREFIX_HEADER = YES;
				GCC_PREFIX_HEADER = "LocationBlog/LocationBlog-Prefix.pch";
				INFOPLIST_FILE = "LocationBlogTests/LocationBlogTests-Info.plist";
				PRODUCT_NAME = "$(TARGET_NAME)";
				TEST_HOST = "$(BUNDLE_LOADER)";
				WRAPPER_EXTENSION = xctest;
			};
			name = Release;
		};
/* End XCBuildConfiguration section */

/* Begin XCConfigurationList section */
		7FB28D9C197C87880021523F /* Build configuration list for PBXProject "LocationBlog" */ = {
			isa = XCConfigurationList;
			buildConfigurations = (
				7FB28DDA197C87890021523F /* Debug */,
				7FB28DDB197C87890021523F /* Release */,
			);
			defaultConfigurationIsVisible = 0;
			defaultConfigurationName = Release;
		};
		7FB28DDC197C87890021523F /* Build configuration list for PBXNativeTarget "LocationBlog" */ = {
			isa = XCConfigurationList;
			buildConfigurations = (
				7FB28DDD197C87890021523F /* Debug */,
				7FB28DDE197C87890021523F /* Release */,
			);
			defaultConfigurationIsVisible = 0;
			defaultConfigurationName = Release;
		};
		7FB28DDF197C87890021523F /* Build configuration list for PBXNativeTarget "LocationBlogTests" */ = {
			isa = XCConfigurationList;
			buildConfigurations = (
				7FB28DE0197C87890021523F /* Debug */,
				7FB28DE1197C87890021523F /* Release */,
			);
			defaultConfigurationIsVisible = 0;
			defaultConfigurationName = Release;
		};
/* End XCConfigurationList section */

/* Begin XCVersionGroup section */
		7FB28DBB197C87880021523F /* LocationBlog.xcdatamodeld */ = {
			isa = XCVersionGroup;
			children = (
				7FB28DBC197C87880021523F /* LocationBlog.xcdatamodel */,
			);
			currentVersion = 7FB28DBC197C87880021523F /* LocationBlog.xcdatamodel */;
			path = LocationBlog.xcdatamodeld;
			sourceTree = "<group>";
			versionGroupType = wrapper.xcdatamodel;
		};
/* End XCVersionGroup section */
	};
	rootObject = 7FB28D99197C87880021523F /* Project object */;
}
